
Microsoft Visual Studio Solution File, Format Version 12.00
# Visual Studio Version 17
VisualStudioVersion = 17.9.34714.143
MinimumVisualStudioVersion = 10.0.40219.1
Project("{9A19103F-16F7-4668-BE54-9A1E7A4F7556}") = "HCFileCorrection", "HCFileCorrection\HCFileCorrection.csproj", "{7BE1054A-7DBE-4E02-89CA-741520A9C300}"
EndProject
Project("{9A19103F-16F7-4668-BE54-9A1E7A4F7556}") = "HCFileCorrectionExecutor", "HCFileCorrectionExecutor\HCFileCorrectionExecutor.csproj", "{2B97E714-F524-4827-97D5-BDCE2E682E36}"
EndProject
Global
	GlobalSection(SolutionConfigurationPlatforms) = preSolution
		Debug|Any CPU = Debug|Any CPU
		Release|Any CPU = Release|Any CPU
	EndGlobalSection
	GlobalSection(ProjectConfigurationPlatforms) = postSolution
		{7BE1054A-7DBE-4E02-89CA-741520A9C300}.Debug|Any CPU.ActiveCfg = Debug|Any CPU
		{7BE1054A-7DBE-4E02-89CA-741520A9C300}.Debug|Any CPU.Build.0 = Debug|Any CPU
		{7BE1054A-7DBE-4E02-89CA-741520A9C300}.Release|Any CPU.ActiveCfg = Debug|Any CPU
		{7BE1054A-7DBE-4E02-89CA-741520A9C300}.Release|Any CPU.Build.0 = Debug|Any CPU
		{2B97E714-F524-4827-97D5-BDCE2E682E36}.Debug|Any CPU.ActiveCfg = Debug|Any CPU
		{2B97E714-F524-4827-97D5-BDCE2E682E36}.Debug|Any CPU.Build.0 = Debug|Any CPU
		{2B97E714-F524-4827-97D5-BDCE2E682E36}.Release|Any CPU.ActiveCfg = Debug|Any CPU
		{2B97E714-F524-4827-97D5-BDCE2E682E36}.Release|Any CPU.Build.0 = Debug|Any CPU
	EndGlobalSection
	GlobalSection(SolutionProperties) = preSolution
		HideSolutionNode = FALSE
	EndGlobalSection
	GlobalSection(ExtensibilityGlobals) = postSolution
		SolutionGuid = {0D349D5E-403C-49AB-A676-E9F08981DFD4}
	EndGlobalSection
EndGlobal
